
Microsoft Visual Studio Solution File, Format Version 12.00
# Visual Studio Version 16
VisualStudioVersion = 16.0.29911.84
MinimumVisualStudioVersion = 10.0.40219.1
Project("{8BC9CEB8-8B4A-11D0-8D11-00A0C91BC942}") = "StateTransitionTest", "StateTransitionTest\StateTransitionTest.vcxproj", "{85AADA7D-CD22-48B0-9C85-8FDDCD387ADD}"
EndProject
Project("{8BC9CEB8-8B4A-11D0-8D11-00A0C91BC942}") = "Test-Test1", "Test-Test1\Test-Test1.vcxproj", "{B2D75330-E675-431F-A908-421713761DBB}"
EndProject
Global
	GlobalSection(SolutionConfigurationPlatforms) = preSolution
		Debug|x64 = Debug|x64
		Debug|x86 = Debug|x86
		Release|x64 = Release|x64
		Release|x86 = Release|x86
	EndGlobalSection
	GlobalSection(ProjectConfigurationPlatforms) = postSolution
		{85AADA7D-CD22-48B0-9C85-8FDDCD387ADD}.Debug|x64.ActiveCfg = Debug|x64
		{85AADA7D-CD22-48B0-9C85-8FDDCD387ADD}.Debug|x64.Build.0 = Debug|x64
		{85AADA7D-CD22-48B0-9C85-8FDDCD387ADD}.Debug|x86.ActiveCfg = Debug|Win32
		{85AADA7D-CD22-48B0-9C85-8FDDCD387ADD}.Debug|x86.Build.0 = Debug|Win32
		{85AADA7D-CD22-48B0-9C85-8FDDCD387ADD}.Release|x64.ActiveCfg = Release|x64
		{85AADA7D-CD22-48B0-9C85-8FDDCD387ADD}.Release|x64.Build.0 = Release|x64
		{85AADA7D-CD22-48B0-9C85-8FDDCD387ADD}.Release|x86.ActiveCfg = Release|Win32
		{85AADA7D-CD22-48B0-9C85-8FDDCD387ADD}.Release|x86.Build.0 = Release|Win32
		{B2D75330-E675-431F-A908-421713761DBB}.Debug|x64.ActiveCfg = Debug|x64
		{B2D75330-E675-431F-A908-421713761DBB}.Debug|x64.Build.0 = Debug|x64
		{B2D75330-E675-431F-A908-421713761DBB}.Debug|x86.ActiveCfg = Debug|Win32
		{B2D75330-E675-431F-A908-421713761DBB}.Debug|x86.Build.0 = Debug|Win32
		{B2D75330-E675-431F-A908-421713761DBB}.Release|x64.ActiveCfg = Release|x64
		{B2D75330-E675-431F-A908-421713761DBB}.Release|x64.Build.0 = Release|x64
		{B2D75330-E675-431F-A908-421713761DBB}.Release|x86.ActiveCfg = Release|Win32
		{B2D75330-E675-431F-A908-421713761DBB}.Release|x86.Build.0 = Release|Win32
	EndGlobalSection
	GlobalSection(SolutionProperties) = preSolution
		HideSolutionNode = FALSE
	EndGlobalSection
	GlobalSection(ExtensibilityGlobals) = postSolution
		SolutionGuid = {FEFDE3D5-9E04-4B1B-A538-9DDB0765177E}
	EndGlobalSection
EndGlobal
